// !$*UTF8*$!
{
	archiveVersion = 1;
	classes = {
	};
	objectVersion = 46;
	objects = {

/* Begin PBXBuildFile section */
		CB4F0DA21ADBFE3500594867 /* AppDelegate.swift in Sources */ = {isa = PBXBuildFile; fileRef = CB4F0DA11ADBFE3500594867 /* AppDelegate.swift */; };
		CB4F0DA41ADBFE3500594867 /* ViewController.swift in Sources */ = {isa = PBXBuildFile; fileRef = CB4F0DA31ADBFE3500594867 /* ViewController.swift */; };
		CB4F0DA71ADBFE3500594867 /* Main.storyboard in Resources */ = {isa = PBXBuildFile; fileRef = CB4F0DA51ADBFE3500594867 /* Main.storyboard */; };
		CB4F0DA91ADBFE3500594867 /* Images.xcassets in Resources */ = {isa = PBXBuildFile; fileRef = CB4F0DA81ADBFE3500594867 /* Images.xcassets */; };
		CB4F0DAC1ADBFE3500594867 /* LaunchScreen.xib in Resources */ = {isa = PBXBuildFile; fileRef = CB4F0DAA1ADBFE3500594867 /* LaunchScreen.xib */; };
		CB4F0DB81ADBFE3500594867 /* __2_ButtonTests.swift in Sources */ = {isa = PBXBuildFile; fileRef = CB4F0DB71ADBFE3500594867 /* __2_ButtonTests.swift */; };
/* End PBXBuildFile section */

/* Begin PBXContainerItemProxy section */
		CB4F0DB21ADBFE3500594867 /* PBXContainerItemProxy */ = {
			isa = PBXContainerItemProxy;
			containerPortal = CB4F0D941ADBFE3500594867 /* Project object */;
			proxyType = 1;
			remoteGlobalIDString = CB4F0D9B1ADBFE3500594867;
			remoteInfo = 7.2_Button;
		};
/* End PBXContainerItemProxy section */

/* Begin PBXFileReference section */
		CB4F0D9C1ADBFE3500594867 /* 7.2_Button.app */ = {isa = PBXFileReference; explicitFileType = wrapper.application; includeInIndex = 0; path = 7.2_Button.app; sourceTree = BUILT_PRODUCTS_DIR; };
		CB4F0DA01ADBFE3500594867 /* Info.plist */ = {isa = PBXFileReference; lastKnownFileType = text.plist.xml; path = Info.plist; sourceTree = "<group>"; };
		CB4F0DA11ADBFE3500594867 /* AppDelegate.swift */ = {isa = PBXFileReference; lastKnownFileType = sourcecode.swift; path = AppDelegate.swift; sourceTree = "<group>"; };
		CB4F0DA31ADBFE3500594867 /* ViewController.swift */ = {isa = PBXFileReference; lastKnownFileType = sourcecode.swift; path = ViewController.swift; sourceTree = "<group>"; };
		CB4F0DA61ADBFE3500594867 /* Base */ = {isa = PBXFileReference; lastKnownFileType = file.storyboard; name = Base; path = Base.lproj/Main.storyboard; sourceTree = "<group>"; };
		CB4F0DA81ADBFE3500594867 /* Images.xcassets */ = {isa = PBXFileReference; lastKnownFileType = folder.assetcatalog; path = Images.xcassets; sourceTree = "<group>"; };
		CB4F0DAB1ADBFE3500594867 /* Base */ = {isa = PBXFileReference; lastKnownFileType = file.xib; name = Base; path = Base.lproj/LaunchScreen.xib; sourceTree = "<group>"; };
		CB4F0DB11ADBFE3500594867 /* 7.2_ButtonTests.xctest */ = {isa = PBXFileReference; explicitFileType = wrapper.cfbundle; includeInIndex = 0; path = 7.2_ButtonTests.xctest; sourceTree = BUILT_PRODUCTS_DIR; };
		CB4F0DB61ADBFE3500594867 /* Info.plist */ = {isa = PBXFileReference; lastKnownFileType = text.plist.xml; path = Info.plist; sourceTree = "<group>"; };
		CB4F0DB71ADBFE3500594867 /* __2_ButtonTests.swift */ = {isa = PBXFileReference; lastKnownFileType = sourcecode.swift; path = __2_ButtonTests.swift; sourceTree = "<group>"; };
/* End PBXFileReference section */

/* Begin PBXFrameworksBuildPhase section */
		CB4F0D991ADBFE3500594867 /* Frameworks */ = {
			isa = PBXFrameworksBuildPhase;
			buildActionMask = 2147483647;
			files = (
			);
			runOnlyForDeploymentPostprocessing = 0;
		};
		CB4F0DAE1ADBFE3500594867 /* Frameworks */ = {
			isa = PBXFrameworksBuildPhase;
			buildActionMask = 2147483647;
			files = (
			);
			runOnlyForDeploymentPostprocessing = 0;
		};
/* End PBXFrameworksBuildPhase section */

/* Begin PBXGroup section */
		CB4F0D931ADBFE3500594867 = {
			isa = PBXGroup;
			children = (
				CB4F0D9E1ADBFE3500594867 /* 7.2_Button */,
				CB4F0DB41ADBFE3500594867 /* 7.2_ButtonTests */,
				CB4F0D9D1ADBFE3500594867 /* Products */,
			);
			sourceTree = "<group>";
		};
		CB4F0D9D1ADBFE3500594867 /* Products */ = {
			isa = PBXGroup;
			children = (
				CB4F0D9C1ADBFE3500594867 /* 7.2_Button.app */,
				CB4F0DB11ADBFE3500594867 /* 7.2_ButtonTests.xctest */,
			);
			name = Products;
			sourceTree = "<group>";
		};
		CB4F0D9E1ADBFE3500594867 /* 7.2_Button */ = {
			isa = PBXGroup;
			children = (
				CB4F0DA11ADBFE3500594867 /* AppDelegate.swift */,
				CB4F0DA31ADBFE3500594867 /* ViewController.swift */,
				CB4F0DA51ADBFE3500594867 /* Main.storyboard */,
				CB4F0DA81ADBFE3500594867 /* Images.xcassets */,
				CB4F0DAA1ADBFE3500594867 /* LaunchScreen.xib */,
				CB4F0D9F1ADBFE3500594867 /* Supporting Files */,
			);
			path = 7.2_Button;
			sourceTree = "<group>";
		};
		CB4F0D9F1ADBFE3500594867 /* Supporting Files */ = {
			isa = PBXGroup;
			children = (
				CB4F0DA01ADBFE3500594867 /* Info.plist */,
			);
			name = "Supporting Files";
			sourceTree = "<group>";
		};
		CB4F0DB41ADBFE3500594867 /* 7.2_ButtonTests */ = {
			isa = PBXGroup;
			children = (
				CB4F0DB71ADBFE3500594867 /* __2_ButtonTests.swift */,
				CB4F0DB51ADBFE3500594867 /* Supporting Files */,
			);
			path = 7.2_ButtonTests;
			sourceTree = "<group>";
		};
		CB4F0DB51ADBFE3500594867 /* Supporting Files */ = {
			isa = PBXGroup;
			children = (
				CB4F0DB61ADBFE3500594867 /* Info.plist */,
			);
			name = "Supporting Files";
			sourceTree = "<group>";
		};
/* End PBXGroup section */

/* Begin PBXNativeTarget section */
		CB4F0D9B1ADBFE3500594867 /* 7.2_Button */ = {
			isa = PBXNativeTarget;
			buildConfigurationList = CB4F0DBB1ADBFE3500594867 /* Build configuration list for PBXNativeTarget "7.2_Button" */;
			buildPhases = (
				CB4F0D981ADBFE3500594867 /* Sources */,
				CB4F0D991ADBFE3500594867 /* Frameworks */,
				CB4F0D9A1ADBFE3500594867 /* Resources */,
			);
			buildRules = (
			);
			dependencies = (
			);
			name = 7.2_Button;
			productName = 7.2_Button;
			productReference = CB4F0D9C1ADBFE3500594867 /* 7.2_Button.app */;
			productType = "com.apple.product-type.application";
		};
		CB4F0DB01ADBFE3500594867 /* 7.2_ButtonTests */ = {
			isa = PBXNativeTarget;
			buildConfigurationList = CB4F0DBE1ADBFE3500594867 /* Build configuration list for PBXNativeTarget "7.2_ButtonTests" */;
			buildPhases = (
				CB4F0DAD1ADBFE3500594867 /* Sources */,
				CB4F0DAE1ADBFE3500594867 /* Frameworks */,
				CB4F0DAF1ADBFE3500594867 /* Resources */,
			);
			buildRules = (
			);
			dependencies = (
				CB4F0DB31ADBFE3500594867 /* PBXTargetDependency */,
			);
			name = 7.2_ButtonTests;
			productName = 7.2_ButtonTests;
			productReference = CB4F0DB11ADBFE3500594867 /* 7.2_ButtonTests.xctest */;
			productType = "com.apple.product-type.bundle.unit-test";
		};
/* End PBXNativeTarget section */

/* Begin PBXProject section */
		CB4F0D941ADBFE3500594867 /* Project object */ = {
			isa = PBXProject;
			attributes = {
				LastUpgradeCheck = 0620;
				ORGANIZATIONNAME = "王卓";
				TargetAttributes = {
					CB4F0D9B1ADBFE3500594867 = {
						CreatedOnToolsVersion = 6.2;
					};
					CB4F0DB01ADBFE3500594867 = {
						CreatedOnToolsVersion = 6.2;
						TestTargetID = CB4F0D9B1ADBFE3500594867;
					};
				};
			};
			buildConfigurationList = CB4F0D971ADBFE3500594867 /* Build configuration list for PBXProject "7.2_Button" */;
			compatibilityVersion = "Xcode 3.2";
			developmentRegion = English;
			hasScannedForEncodings = 0;
			knownRegions = (
				en,
				Base,
			);
			mainGroup = CB4F0D931ADBFE3500594867;
			productRefGroup = CB4F0D9D1ADBFE3500594867 /* Products */;
			projectDirPath = "";
			projectRoot = "";
			targets = (
				CB4F0D9B1ADBFE3500594867 /* 7.2_Button */,
				CB4F0DB01ADBFE3500594867 /* 7.2_ButtonTests */,
			);
		};
/* End PBXProject section */

/* Begin PBXResourcesBuildPhase section */
		CB4F0D9A1ADBFE3500594867 /* Resources */ = {
			isa = PBXResourcesBuildPhase;
			buildActionMask = 2147483647;
			files = (
				CB4F0DA71ADBFE3500594867 /* Main.storyboard in Resources */,
				CB4F0DAC1ADBFE3500594867 /* LaunchScreen.xib in Resources */,
				CB4F0DA91ADBFE3500594867 /* Images.xcassets in Resources */,
			);
			runOnlyForDeploymentPostprocessing = 0;
		};
		CB4F0DAF1ADBFE3500594867 /* Resources */ = {
			isa = PBXResourcesBuildPhase;
			buildActionMask = 2147483647;
			files = (
			);
			runOnlyForDeploymentPostprocessing = 0;
		};
/* End PBXResourcesBuildPhase section */

/* Begin PBXSourcesBuildPhase section */
		CB4F0D981ADBFE3500594867 /* Sources */ = {
			isa = PBXSourcesBuildPhase;
			buildActionMask = 2147483647;
			files = (
				CB4F0DA41ADBFE3500594867 /* ViewController.swift in Sources */,
				CB4F0DA21ADBFE3500594867 /* AppDelegate.swift in Sources */,
			);
			runOnlyForDeploymentPostprocessing = 0;
		};
		CB4F0DAD1ADBFE3500594867 /* Sources */ = {
			isa = PBXSourcesBuildPhase;
			buildActionMask = 2147483647;
			files = (
				CB4F0DB81ADBFE3500594867 /* __2_ButtonTests.swift in Sources */,
			);
			runOnlyForDeploymentPostprocessing = 0;
		};
/* End PBXSourcesBuildPhase section */

/* Begin PBXTargetDependency section */
		CB4F0DB31ADBFE3500594867 /* PBXTargetDependency */ = {
			isa = PBXTargetDependency;
			target = CB4F0D9B1ADBFE3500594867 /* 7.2_Button */;
			targetProxy = CB4F0DB21ADBFE3500594867 /* PBXContainerItemProxy */;
		};
/* End PBXTargetDependency section */

/* Begin PBXVariantGroup section */
		CB4F0DA51ADBFE3500594867 /* Main.storyboard */ = {
			isa = PBXVariantGroup;
			children = (
				CB4F0DA61ADBFE3500594867 /* Base */,
			);
			name = Main.storyboard;
			sourceTree = "<group>";
		};
		CB4F0DAA1ADBFE3500594867 /* LaunchScreen.xib */ = {
			isa = PBXVariantGroup;
			children = (
				CB4F0DAB1ADBFE3500594867 /* Base */,
			);
			name = LaunchScreen.xib;
			sourceTree = "<group>";
		};
/* End PBXVariantGroup section */

/* Begin XCBuildConfiguration section */
		CB4F0DB91ADBFE3500594867 /* Debug */ = {
			isa = XCBuildConfiguration;
			buildSettings = {
				ALWAYS_SEARCH_USER_PATHS = NO;
				CLANG_CXX_LANGUAGE_STANDARD = "gnu++0x";
				CLANG_CXX_LIBRARY = "libc++";
				CLANG_ENABLE_MODULES = YES;
				CLANG_ENABLE_OBJC_ARC = YES;
				CLANG_WARN_BOOL_CONVERSION = YES;
				CLANG_WARN_CONSTANT_CONVERSION = YES;
				CLANG_WARN_DIRECT_OBJC_ISA_USAGE = YES_ERROR;
				CLANG_WARN_EMPTY_BODY = YES;
				CLANG_WARN_ENUM_CONVERSION = YES;
				CLANG_WARN_INT_CONVERSION = YES;
				CLANG_WARN_OBJC_ROOT_CLASS = YES_ERROR;
				CLANG_WARN_UNREACHABLE_CODE = YES;
				CLANG_WARN__DUPLICATE_METHOD_MATCH = YES;
				"CODE_SIGN_IDENTITY[sdk=iphoneos*]" = "iPhone Developer";
				COPY_PHASE_STRIP = NO;
				ENABLE_STRICT_OBJC_MSGSEND = YES;
				GCC_C_LANGUAGE_STANDARD = gnu99;
				GCC_DYNAMIC_NO_PIC = NO;
				GCC_OPTIMIZATION_LEVEL = 0;
				GCC_PREPROCESSOR_DEFINITIONS = (
					"DEBUG=1",
					"$(inherited)",
				);
				GCC_SYMBOLS_PRIVATE_EXTERN = NO;
				GCC_WARN_64_TO_32_BIT_CONVERSION = YES;
				GCC_WARN_ABOUT_RETURN_TYPE = YES_ERROR;
				GCC_WARN_UNDECLARED_SELECTOR = YES;
				GCC_WARN_UNINITIALIZED_AUTOS = YES_AGGRESSIVE;
				GCC_WARN_UNUSED_FUNCTION = YES;
				GCC_WARN_UNUSED_VARIABLE = YES;
				IPHONEOS_DEPLOYMENT_TARGET = 8.2;
				MTL_ENABLE_DEBUG_INFO = YES;
				ONLY_ACTIVE_ARCH = YES;
				SDKROOT = iphoneos;
				SWIFT_OPTIMIZATION_LEVEL = "-Onone";
			};
			name = Debug;
		};
		CB4F0DBA1ADBFE3500594867 /* Release */ = {
			isa = XCBuildConfiguration;
			buildSettings = {
				ALWAYS_SEARCH_USER_PATHS = NO;
				CLANG_CXX_LANGUAGE_STANDARD = "gnu++0x";
				CLANG_CXX_LIBRARY = "libc++";
				CLANG_ENABLE_MODULES = YES;
				CLANG_ENABLE_OBJC_ARC = YES;
				CLANG_WARN_BOOL_CONVERSION = YES;
				CLANG_WARN_CONSTANT_CONVERSION = YES;
				CLANG_WARN_DIRECT_OBJC_ISA_USAGE = YES_ERROR;
				CLANG_WARN_EMPTY_BODY = YES;
				CLANG_WARN_ENUM_CONVERSION = YES;
				CLANG_WARN_INT_CONVERSION = YES;
				CLANG_WARN_OBJC_ROOT_CLASS = YES_ERROR;
				CLANG_WARN_UNREACHABLE_CODE = YES;
				CLANG_WARN__DUPLICATE_METHOD_MATCH = YES;
				"CODE_SIGN_IDENTITY[sdk=iphoneos*]" = "iPhone Developer";
				COPY_PHASE_STRIP = NO;
				ENABLE_NS_ASSERTIONS = NO;
				ENABLE_STRICT_OBJC_MSGSEND = YES;
				GCC_C_LANGUAGE_STANDARD = gnu99;
				GCC_WARN_64_TO_32_BIT_CONVERSION = YES;
				GCC_WARN_ABOUT_RETURN_TYPE = YES_ERROR;
				GCC_WARN_UNDECLARED_SELECTOR = YES;
				GCC_WARN_UNINITIALIZED_AUTOS = YES_AGGRESSIVE;
				GCC_WARN_UNUSED_FUNCTION = YES;
				GCC_WARN_UNUSED_VARIABLE = YES;
				IPHONEOS_DEPLOYMENT_TARGET = 8.2;
				MTL_ENABLE_DEBUG_INFO = NO;
				SDKROOT = iphoneos;
				VALIDATE_PRODUCT = YES;
			};
			name = Release;
		};
		CB4F0DBC1ADBFE3500594867 /* Debug */ = {
			isa = XCBuildConfiguration;
			buildSettings = {
				ASSETCATALOG_COMPILER_APPICON_NAME = AppIcon;
				INFOPLIST_FILE = 7.2_Button/Info.plist;
				IPHONEOS_DEPLOYMENT_TARGET = 8.0;
				LD_RUNPATH_SEARCH_PATHS = "$(inherited) @executable_path/Frameworks";
				PRODUCT_NAME = "$(TARGET_NAME)";
			};
			name = Debug;
		};
		CB4F0DBD1ADBFE3500594867 /* Release */ = {
			isa = XCBuildConfiguration;
			buildSettings = {
				ASSETCATALOG_COMPILER_APPICON_NAME = AppIcon;
				INFOPLIST_FILE = 7.2_Button/Info.plist;
				IPHONEOS_DEPLOYMENT_TARGET = 8.0;
				LD_RUNPATH_SEARCH_PATHS = "$(inherited) @executable_path/Frameworks";
				PRODUCT_NAME = "$(TARGET_NAME)";
			};
			name = Release;
		};
		CB4F0DBF1ADBFE3500594867 /* Debug */ = {
			isa = XCBuildConfiguration;
			buildSettings = {
				BUNDLE_LOADER = "$(TEST_HOST)";
				FRAMEWORK_SEARCH_PATHS = (
					"$(SDKROOT)/Developer/Library/Frameworks",
					"$(inherited)",
				);
				GCC_PREPROCESSOR_DEFINITIONS = (
					"DEBUG=1",
					"$(inherited)",
				);
				INFOPLIST_FILE = 7.2_ButtonTests/Info.plist;
				LD_RUNPATH_SEARCH_PATHS = "$(inherited) @executable_path/Frameworks @loader_path/Frameworks";
				PRODUCT_NAME = "$(TARGET_NAME)";
				TEST_HOST = "$(BUILT_PRODUCTS_DIR)/7.2_Button.app/7.2_Button";
			};
			name = Debug;
		};
		CB4F0DC01ADBFE3500594867 /* Release */ = {
			isa = XCBuildConfiguration;
			buildSettings = {
				BUNDLE_LOADER = "$(TEST_HOST)";
				FRAMEWORK_SEARCH_PATHS = (
					"$(SDKROOT)/Developer/Library/Frameworks",
					"$(inherited)",
				);
				INFOPLIST_FILE = 7.2_ButtonTests/Info.plist;
				LD_RUNPATH_SEARCH_PATHS = "$(inherited) @executable_path/Frameworks @loader_path/Frameworks";
				PRODUCT_NAME = "$(TARGET_NAME)";
				TEST_HOST = "$(BUILT_PRODUCTS_DIR)/7.2_Button.app/7.2_Button";
			};
			name = Release;
		};
/* End XCBuildConfiguration section */

/* Begin XCConfigurationList section */
		CB4F0D971ADBFE3500594867 /* Build configuration list for PBXProject "7.2_Button" */ = {
			isa = XCConfigurationList;
			buildConfigurations = (
				CB4F0DB91ADBFE3500594867 /* Debug */,
				CB4F0DBA1ADBFE3500594867 /* Release */,
			);
			defaultConfigurationIsVisible = 0;
			defaultConfigurationName = Release;
		};
		CB4F0DBB1ADBFE3500594867 /* Build configuration list for PBXNativeTarget "7.2_Button" */ = {
			isa = XCConfigurationList;
			buildConfigurations = (
				CB4F0DBC1ADBFE3500594867 /* Debug */,
				CB4F0DBD1ADBFE3500594867 /* Release */,
			);
			defaultConfigurationIsVisible = 0;
		};
		CB4F0DBE1ADBFE3500594867 /* Build configuration list for PBXNativeTarget "7.2_ButtonTests" */ = {
			isa = XCConfigurationList;
			buildConfigurations = (
				CB4F0DBF1ADBFE3500594867 /* Debug */,
				CB4F0DC01ADBFE3500594867 /* Release */,
			);
			defaultConfigurationIsVisible = 0;
		};
/* End XCConfigurationList section */
	};
	rootObject = CB4F0D941ADBFE3500594867 /* Project object */;
}
